
Microsoft Visual Studio Solution File, Format Version 11.00
# Visual Studio 2010
Project("{FAE04EC0-301F-11D3-BF4B-00C04F79EFBC}") = "ArticlesDistributionSystem", "ArticlesDistributionSystem\ArticlesDistributionSystem.csproj", "{523B1727-1556-414E-ABD3-42D7E830343E}"
EndProject
Global
	GlobalSection(SolutionConfigurationPlatforms) = preSolution
		Debug|Any CPU = Debug|Any CPU
		Release|Any CPU = Release|Any CPU
	EndGlobalSection
	GlobalSection(ProjectConfigurationPlatforms) = postSolution
		{523B1727-1556-414E-ABD3-42D7E830343E}.Debug|Any CPU.ActiveCfg = Debug|Any CPU
		{523B1727-1556-414E-ABD3-42D7E830343E}.Debug|Any CPU.Build.0 = Debug|Any CPU
		{523B1727-1556-414E-ABD3-42D7E830343E}.Release|Any CPU.ActiveCfg = Release|Any CPU
		{523B1727-1556-414E-ABD3-42D7E830343E}.Release|Any CPU.Build.0 = Release|Any CPU
	EndGlobalSection
	GlobalSection(SolutionProperties) = preSolution
		HideSolutionNode = FALSE
	EndGlobalSection
EndGlobal
